
Microsoft Visual Studio Solution File, Format Version 12.00
# Visual Studio Version 16
VisualStudioVersion = 16.0.29001.49
MinimumVisualStudioVersion = 10.0.40219.1
Project("{FAE04EC0-301F-11D3-BF4B-00C04F79EFBC}") = "ConsoleGitTest", "ConsoleGitTest\ConsoleGitTest.csproj", "{214A90E6-6A8C-4938-92FF-E8C7D807FC73}"
EndProject
Global
	GlobalSection(SolutionConfigurationPlatforms) = preSolution
		Debug|Any CPU = Debug|Any CPU
		Release|Any CPU = Release|Any CPU
	EndGlobalSection
	GlobalSection(ProjectConfigurationPlatforms) = postSolution
		{214A90E6-6A8C-4938-92FF-E8C7D807FC73}.Debug|Any CPU.ActiveCfg = Debug|Any CPU
		{214A90E6-6A8C-4938-92FF-E8C7D807FC73}.Debug|Any CPU.Build.0 = Debug|Any CPU
		{214A90E6-6A8C-4938-92FF-E8C7D807FC73}.Release|Any CPU.ActiveCfg = Release|Any CPU
		{214A90E6-6A8C-4938-92FF-E8C7D807FC73}.Release|Any CPU.Build.0 = Release|Any CPU
	EndGlobalSection
	GlobalSection(SolutionProperties) = preSolution
		HideSolutionNode = FALSE
	EndGlobalSection
	GlobalSection(ExtensibilityGlobals) = postSolution
		SolutionGuid = {51F72D92-D993-46FA-B776-2053FC367AD2}
	EndGlobalSection
EndGlobal
